
Microsoft Visual Studio Solution File, Format Version 12.00
# Visual Studio Version 16
VisualStudioVersion = 16.0.29613.14
MinimumVisualStudioVersion = 10.0.40219.1
Project("{FAE04EC0-301F-11D3-BF4B-00C04F79EFBC}") = "ConsoleApp3", "ConsoleApp3.csproj", "{8600F891-2FFA-41C7-94D8-9DC2A39E8C3C}"
EndProject
Global
	GlobalSection(SolutionConfigurationPlatforms) = preSolution
		Debug|Any CPU = Debug|Any CPU
		Release|Any CPU = Release|Any CPU
	EndGlobalSection
	GlobalSection(ProjectConfigurationPlatforms) = postSolution
		{8600F891-2FFA-41C7-94D8-9DC2A39E8C3C}.Debug|Any CPU.ActiveCfg = Debug|Any CPU
		{8600F891-2FFA-41C7-94D8-9DC2A39E8C3C}.Debug|Any CPU.Build.0 = Debug|Any CPU
		{8600F891-2FFA-41C7-94D8-9DC2A39E8C3C}.Release|Any CPU.ActiveCfg = Release|Any CPU
		{8600F891-2FFA-41C7-94D8-9DC2A39E8C3C}.Release|Any CPU.Build.0 = Release|Any CPU
	EndGlobalSection
	GlobalSection(SolutionProperties) = preSolution
		HideSolutionNode = FALSE
	EndGlobalSection
	GlobalSection(ExtensibilityGlobals) = postSolution
		SolutionGuid = {EE82D56D-BD37-4632-8EFE-5CCC3D20E056}
	EndGlobalSection
EndGlobal
